
Microsoft Visual Studio Solution File, Format Version 12.00
# Visual Studio Version 17
VisualStudioVersion = 17.10.34916.146
MinimumVisualStudioVersion = 10.0.40219.1
Project("{FAE04EC0-301F-11D3-BF4B-00C04F79EFBC}") = "Lists - 2. List of Products", "Lists - 2. List of Products\Lists - 2. List of Products.csproj", "{0BEAB61E-3C8D-4A2F-BC6A-AF6B0302FE3E}"
EndProject
Global
	GlobalSection(SolutionConfigurationPlatforms) = preSolution
		Debug|Any CPU = Debug|Any CPU
		Release|Any CPU = Release|Any CPU
	EndGlobalSection
	GlobalSection(ProjectConfigurationPlatforms) = postSolution
		{0BEAB61E-3C8D-4A2F-BC6A-AF6B0302FE3E}.Debug|Any CPU.ActiveCfg = Debug|Any CPU
		{0BEAB61E-3C8D-4A2F-BC6A-AF6B0302FE3E}.Debug|Any CPU.Build.0 = Debug|Any CPU
		{0BEAB61E-3C8D-4A2F-BC6A-AF6B0302FE3E}.Release|Any CPU.ActiveCfg = Release|Any CPU
		{0BEAB61E-3C8D-4A2F-BC6A-AF6B0302FE3E}.Release|Any CPU.Build.0 = Release|Any CPU
	EndGlobalSection
	GlobalSection(SolutionProperties) = preSolution
		HideSolutionNode = FALSE
	EndGlobalSection
	GlobalSection(ExtensibilityGlobals) = postSolution
		SolutionGuid = {3AA1C576-CF0D-45D5-98B3-2CC20022A907}
	EndGlobalSection
EndGlobal
