
Microsoft Visual Studio Solution File, Format Version 12.00
# Visual Studio Version 17
VisualStudioVersion = 17.10.34916.146
MinimumVisualStudioVersion = 10.0.40219.1
Project("{FAE04EC0-301F-11D3-BF4B-00C04F79EFBC}") = "1. Nutrition and Caloric Intake Analysis", "1. Nutrition and Caloric Intake Analysis\1. Nutrition and Caloric Intake Analysis.csproj", "{9FDE5913-D18E-4D5F-BF4A-6719A0E706A4}"
EndProject
Global
	GlobalSection(SolutionConfigurationPlatforms) = preSolution
		Debug|Any CPU = Debug|Any CPU
		Release|Any CPU = Release|Any CPU
	EndGlobalSection
	GlobalSection(ProjectConfigurationPlatforms) = postSolution
		{9FDE5913-D18E-4D5F-BF4A-6719A0E706A4}.Debug|Any CPU.ActiveCfg = Debug|Any CPU
		{9FDE5913-D18E-4D5F-BF4A-6719A0E706A4}.Debug|Any CPU.Build.0 = Debug|Any CPU
		{9FDE5913-D18E-4D5F-BF4A-6719A0E706A4}.Release|Any CPU.ActiveCfg = Release|Any CPU
		{9FDE5913-D18E-4D5F-BF4A-6719A0E706A4}.Release|Any CPU.Build.0 = Release|Any CPU
	EndGlobalSection
	GlobalSection(SolutionProperties) = preSolution
		HideSolutionNode = FALSE
	EndGlobalSection
	GlobalSection(ExtensibilityGlobals) = postSolution
		SolutionGuid = {26EAFC13-6612-485F-9D21-618100DB3C2C}
	EndGlobalSection
EndGlobal
