
Microsoft Visual Studio Solution File, Format Version 12.00
# Visual Studio Version 17
VisualStudioVersion = 17.10.34916.146
MinimumVisualStudioVersion = 10.0.40219.1
Project("{FAE04EC0-301F-11D3-BF4B-00C04F79EFBC}") = "Exercise- Nested Loops and Methods 2. Magic Numbers", "Exercise- Nested Loops and Methods 2. Magic Numbers\Exercise- Nested Loops and Methods 2. Magic Numbers.csproj", "{E3FE37BC-9E07-43D1-8449-99ADD2B4543E}"
EndProject
Global
	GlobalSection(SolutionConfigurationPlatforms) = preSolution
		Debug|Any CPU = Debug|Any CPU
		Release|Any CPU = Release|Any CPU
	EndGlobalSection
	GlobalSection(ProjectConfigurationPlatforms) = postSolution
		{E3FE37BC-9E07-43D1-8449-99ADD2B4543E}.Debug|Any CPU.ActiveCfg = Debug|Any CPU
		{E3FE37BC-9E07-43D1-8449-99ADD2B4543E}.Debug|Any CPU.Build.0 = Debug|Any CPU
		{E3FE37BC-9E07-43D1-8449-99ADD2B4543E}.Release|Any CPU.ActiveCfg = Release|Any CPU
		{E3FE37BC-9E07-43D1-8449-99ADD2B4543E}.Release|Any CPU.Build.0 = Release|Any CPU
	EndGlobalSection
	GlobalSection(SolutionProperties) = preSolution
		HideSolutionNode = FALSE
	EndGlobalSection
	GlobalSection(ExtensibilityGlobals) = postSolution
		SolutionGuid = {61D483FD-DD12-48A5-BF13-4B73F5C4BB00}
	EndGlobalSection
EndGlobal
