
Microsoft Visual Studio Solution File, Format Version 12.00
# Visual Studio Version 17
VisualStudioVersion = 17.10.34916.146
MinimumVisualStudioVersion = 10.0.40219.1
Project("{FAE04EC0-301F-11D3-BF4B-00C04F79EFBC}") = "9. Password Validator", "9. Password Validator\9. Password Validator.csproj", "{35F0746E-8605-4402-8670-635730EDA294}"
EndProject
Global
	GlobalSection(SolutionConfigurationPlatforms) = preSolution
		Debug|Any CPU = Debug|Any CPU
		Release|Any CPU = Release|Any CPU
	EndGlobalSection
	GlobalSection(ProjectConfigurationPlatforms) = postSolution
		{35F0746E-8605-4402-8670-635730EDA294}.Debug|Any CPU.ActiveCfg = Debug|Any CPU
		{35F0746E-8605-4402-8670-635730EDA294}.Debug|Any CPU.Build.0 = Debug|Any CPU
		{35F0746E-8605-4402-8670-635730EDA294}.Release|Any CPU.ActiveCfg = Release|Any CPU
		{35F0746E-8605-4402-8670-635730EDA294}.Release|Any CPU.Build.0 = Release|Any CPU
	EndGlobalSection
	GlobalSection(SolutionProperties) = preSolution
		HideSolutionNode = FALSE
	EndGlobalSection
	GlobalSection(ExtensibilityGlobals) = postSolution
		SolutionGuid = {0484447A-E152-44BE-AAAD-6A20D392BF00}
	EndGlobalSection
EndGlobal
