
Microsoft Visual Studio Solution File, Format Version 12.00
# Visual Studio Version 17
VisualStudioVersion = 17.10.34916.146
MinimumVisualStudioVersion = 10.0.40219.1
Project("{FAE04EC0-301F-11D3-BF4B-00C04F79EFBC}") = "Arrays and Lists - 5. Bomb Numbers", "Arrays and Lists - 5. Bomb Numbers\Arrays and Lists - 5. Bomb Numbers.csproj", "{097A0E3D-B616-4C15-9D6D-AB2B409915D2}"
EndProject
Global
	GlobalSection(SolutionConfigurationPlatforms) = preSolution
		Debug|Any CPU = Debug|Any CPU
		Release|Any CPU = Release|Any CPU
	EndGlobalSection
	GlobalSection(ProjectConfigurationPlatforms) = postSolution
		{097A0E3D-B616-4C15-9D6D-AB2B409915D2}.Debug|Any CPU.ActiveCfg = Debug|Any CPU
		{097A0E3D-B616-4C15-9D6D-AB2B409915D2}.Debug|Any CPU.Build.0 = Debug|Any CPU
		{097A0E3D-B616-4C15-9D6D-AB2B409915D2}.Release|Any CPU.ActiveCfg = Release|Any CPU
		{097A0E3D-B616-4C15-9D6D-AB2B409915D2}.Release|Any CPU.Build.0 = Release|Any CPU
	EndGlobalSection
	GlobalSection(SolutionProperties) = preSolution
		HideSolutionNode = FALSE
	EndGlobalSection
	GlobalSection(ExtensibilityGlobals) = postSolution
		SolutionGuid = {3A2537EF-AF35-4957-A4EF-2789DFFDA017}
	EndGlobalSection
EndGlobal
