
Microsoft Visual Studio Solution File, Format Version 12.00
# Visual Studio Version 17
VisualStudioVersion = 17.10.34916.146
MinimumVisualStudioVersion = 10.0.40219.1
Project("{FAE04EC0-301F-11D3-BF4B-00C04F79EFBC}") = "ExamPrep1_Ex1", "ExamPrep1_Ex1\ExamPrep1_Ex1.csproj", "{34C37B4E-34EF-4211-9E2D-29D02915E475}"
EndProject
Global
	GlobalSection(SolutionConfigurationPlatforms) = preSolution
		Debug|Any CPU = Debug|Any CPU
		Release|Any CPU = Release|Any CPU
	EndGlobalSection
	GlobalSection(ProjectConfigurationPlatforms) = postSolution
		{34C37B4E-34EF-4211-9E2D-29D02915E475}.Debug|Any CPU.ActiveCfg = Debug|Any CPU
		{34C37B4E-34EF-4211-9E2D-29D02915E475}.Debug|Any CPU.Build.0 = Debug|Any CPU
		{34C37B4E-34EF-4211-9E2D-29D02915E475}.Release|Any CPU.ActiveCfg = Release|Any CPU
		{34C37B4E-34EF-4211-9E2D-29D02915E475}.Release|Any CPU.Build.0 = Release|Any CPU
	EndGlobalSection
	GlobalSection(SolutionProperties) = preSolution
		HideSolutionNode = FALSE
	EndGlobalSection
	GlobalSection(ExtensibilityGlobals) = postSolution
		SolutionGuid = {59207AB0-6CEE-4D71-8D55-66B7A895EF4A}
	EndGlobalSection
EndGlobal
