
Microsoft Visual Studio Solution File, Format Version 12.00
# Visual Studio Version 17
VisualStudioVersion = 17.10.34916.146
MinimumVisualStudioVersion = 10.0.40219.1
Project("{FAE04EC0-301F-11D3-BF4B-00C04F79EFBC}") = "Lists - 5. List Manipulation Advanced", "Lists - 5. List Manipulation Advanced\Lists - 5. List Manipulation Advanced.csproj", "{AAB00D8E-1F94-4B8F-8023-5677ED6998B8}"
EndProject
Global
	GlobalSection(SolutionConfigurationPlatforms) = preSolution
		Debug|Any CPU = Debug|Any CPU
		Release|Any CPU = Release|Any CPU
	EndGlobalSection
	GlobalSection(ProjectConfigurationPlatforms) = postSolution
		{AAB00D8E-1F94-4B8F-8023-5677ED6998B8}.Debug|Any CPU.ActiveCfg = Debug|Any CPU
		{AAB00D8E-1F94-4B8F-8023-5677ED6998B8}.Debug|Any CPU.Build.0 = Debug|Any CPU
		{AAB00D8E-1F94-4B8F-8023-5677ED6998B8}.Release|Any CPU.ActiveCfg = Release|Any CPU
		{AAB00D8E-1F94-4B8F-8023-5677ED6998B8}.Release|Any CPU.Build.0 = Release|Any CPU
	EndGlobalSection
	GlobalSection(SolutionProperties) = preSolution
		HideSolutionNode = FALSE
	EndGlobalSection
	GlobalSection(ExtensibilityGlobals) = postSolution
		SolutionGuid = {B3C102EE-28C3-41AD-BD66-CFBCBD0CE5CF}
	EndGlobalSection
EndGlobal
